// !$*UTF8*$!
{
	archiveVersion = 1;
	classes = {
	};
	objectVersion = 46;
	objects = {

/* Begin PBXBuildFile section */
		286A98AB1D9A1F6100F5E287 /* main.m in Sources */ = {isa = PBXBuildFile; fileRef = 286A98AA1D9A1F6100F5E287 /* main.m */; };
		286A98AE1D9A1F6100F5E287 /* AppDelegate.m in Sources */ = {isa = PBXBuildFile; fileRef = 286A98AD1D9A1F6100F5E287 /* AppDelegate.m */; };
		286A98B11D9A1F6100F5E287 /* ViewController.m in Sources */ = {isa = PBXBuildFile; fileRef = 286A98B01D9A1F6100F5E287 /* ViewController.m */; };
		286A98B41D9A1F6100F5E287 /* Main.storyboard in Resources */ = {isa = PBXBuildFile; fileRef = 286A98B21D9A1F6100F5E287 /* Main.storyboard */; };
		286A98B61D9A1F6100F5E287 /* Assets.xcassets in Resources */ = {isa = PBXBuildFile; fileRef = 286A98B51D9A1F6100F5E287 /* Assets.xcassets */; };
		286A98B91D9A1F6100F5E287 /* LaunchScreen.storyboard in Resources */ = {isa = PBXBuildFile; fileRef = 286A98B71D9A1F6100F5E287 /* LaunchScreen.storyboard */; };
/* End PBXBuildFile section */

/* Begin PBXFileReference section */
		286A98A61D9A1F6100F5E287 /* Assignment 277-1.app */ = {isa = PBXFileReference; explicitFileType = wrapper.application; includeInIndex = 0; path = "Assignment 277-1.app"; sourceTree = BUILT_PRODUCTS_DIR; };
		286A98AA1D9A1F6100F5E287 /* main.m */ = {isa = PBXFileReference; lastKnownFileType = sourcecode.c.objc; path = main.m; sourceTree = "<group>"; };
		286A98AC1D9A1F6100F5E287 /* AppDelegate.h */ = {isa = PBXFileReference; lastKnownFileType = sourcecode.c.h; path = AppDelegate.h; sourceTree = "<group>"; };
		286A98AD1D9A1F6100F5E287 /* AppDelegate.m */ = {isa = PBXFileReference; lastKnownFileType = sourcecode.c.objc; path = AppDelegate.m; sourceTree = "<group>"; };
		286A98AF1D9A1F6100F5E287 /* ViewController.h */ = {isa = PBXFileReference; lastKnownFileType = sourcecode.c.h; path = ViewController.h; sourceTree = "<group>"; };
		286A98B01D9A1F6100F5E287 /* ViewController.m */ = {isa = PBXFileReference; lastKnownFileType = sourcecode.c.objc; path = ViewController.m; sourceTree = "<group>"; };
		286A98B31D9A1F6100F5E287 /* Base */ = {isa = PBXFileReference; lastKnownFileType = file.storyboard; name = Base; path = Base.lproj/Main.storyboard; sourceTree = "<group>"; };
		286A98B51D9A1F6100F5E287 /* Assets.xcassets */ = {isa = PBXFileReference; lastKnownFileType = folder.assetcatalog; path = Assets.xcassets; sourceTree = "<group>"; };
		286A98B81D9A1F6100F5E287 /* Base */ = {isa = PBXFileReference; lastKnownFileType = file.storyboard; name = Base; path = Base.lproj/LaunchScreen.storyboard; sourceTree = "<group>"; };
		286A98BA1D9A1F6100F5E287 /* Info.plist */ = {isa = PBXFileReference; lastKnownFileType = text.plist.xml; path = Info.plist; sourceTree = "<group>"; };
		28F719E61DA5FCD2001BD972 /* Assignment 277-1.entitlements */ = {isa = PBXFileReference; lastKnownFileType = text.plist.entitlements; path = "Assignment 277-1.entitlements"; sourceTree = "<group>"; };
/* End PBXFileReference section */

/* Begin PBXFrameworksBuildPhase section */
		286A98A31D9A1F6100F5E287 /* Frameworks */ = {
			isa = PBXFrameworksBuildPhase;
			buildActionMask = 2147483647;
			files = (
			);
			runOnlyForDeploymentPostprocessing = 0;
		};
/* End PBXFrameworksBuildPhase section */

/* Begin PBXGroup section */
		286A989D1D9A1F6100F5E287 = {
			isa = PBXGroup;
			children = (
				286A98A81D9A1F6100F5E287 /* Assignment 277-1 */,
				286A98A71D9A1F6100F5E287 /* Products */,
			);
			sourceTree = "<group>";
		};
		286A98A71D9A1F6100F5E287 /* Products */ = {
			isa = PBXGroup;
			children = (
				286A98A61D9A1F6100F5E287 /* Assignment 277-1.app */,
			);
			name = Products;
			sourceTree = "<group>";
		};
		286A98A81D9A1F6100F5E287 /* Assignment 277-1 */ = {
			isa = PBXGroup;
			children = (
				28F719E61DA5FCD2001BD972 /* Assignment 277-1.entitlements */,
				286A98AC1D9A1F6100F5E287 /* AppDelegate.h */,
				286A98AD1D9A1F6100F5E287 /* AppDelegate.m */,
				286A98AF1D9A1F6100F5E287 /* ViewController.h */,
				286A98B01D9A1F6100F5E287 /* ViewController.m */,
				286A98B21D9A1F6100F5E287 /* Main.storyboard */,
				286A98B51D9A1F6100F5E287 /* Assets.xcassets */,
				286A98B71D9A1F6100F5E287 /* LaunchScreen.storyboard */,
				286A98BA1D9A1F6100F5E287 /* Info.plist */,
				286A98A91D9A1F6100F5E287 /* Supporting Files */,
			);
			path = "Assignment 277-1";
			sourceTree = "<group>";
		};
		286A98A91D9A1F6100F5E287 /* Supporting Files */ = {
			isa = PBXGroup;
			children = (
				286A98AA1D9A1F6100F5E287 /* main.m */,
			);
			name = "Supporting Files";
			sourceTree = "<group>";
		};
/* End PBXGroup section */

/* Begin PBXNativeTarget section */
		286A98A51D9A1F6100F5E287 /* Assignment 277-1 */ = {
			isa = PBXNativeTarget;
			buildConfigurationList = 286A98BD1D9A1F6100F5E287 /* Build configuration list for PBXNativeTarget "Assignment 277-1" */;
			buildPhases = (
				286A98A21D9A1F6100F5E287 /* Sources */,
				286A98A31D9A1F6100F5E287 /* Frameworks */,
				286A98A41D9A1F6100F5E287 /* Resources */,
			);
			buildRules = (
			);
			dependencies = (
			);
			name = "Assignment 277-1";
			productName = "Assignment 277-1";
			productReference = 286A98A61D9A1F6100F5E287 /* Assignment 277-1.app */;
			productType = "com.apple.product-type.application";
		};
/* End PBXNativeTarget section */

/* Begin PBXProject section */
		286A989E1D9A1F6100F5E287 /* Project object */ = {
			isa = PBXProject;
			attributes = {
				LastUpgradeCheck = 0800;
				ORGANIZATIONNAME = "Athitha Anantharamu";
				TargetAttributes = {
					286A98A51D9A1F6100F5E287 = {
						CreatedOnToolsVersion = 8.0;
						DevelopmentTeam = 7BHCDJ55EZ;
						ProvisioningStyle = Automatic;
						SystemCapabilities = {
							com.apple.iCloud = {
								enabled = 0;
							};
						};
					};
				};
			};
			buildConfigurationList = 286A98A11D9A1F6100F5E287 /* Build configuration list for PBXProject "Assignment 277-1" */;
			compatibilityVersion = "Xcode 3.2";
			developmentRegion = English;
			hasScannedForEncodings = 0;
			knownRegions = (
				en,
				Base,
			);
			mainGroup = 286A989D1D9A1F6100F5E287;
			productRefGroup = 286A98A71D9A1F6100F5E287 /* Products */;
			projectDirPath = "";
			projectRoot = "";
			targets = (
				286A98A51D9A1F6100F5E287 /* Assignment 277-1 */,
			);
		};
/* End PBXProject section */

/* Begin PBXResourcesBuildPhase section */
		286A98A41D9A1F6100F5E287 /* Resources */ = {
			isa = PBXResourcesBuildPhase;
			buildActionMask = 2147483647;
			files = (
				286A98B91D9A1F6100F5E287 /* LaunchScreen.storyboard in Resources */,
				286A98B61D9A1F6100F5E287 /* Assets.xcassets in Resources */,
				286A98B41D9A1F6100F5E287 /* Main.storyboard in Resources */,
			);
			runOnlyForDeploymentPostprocessing = 0;
		};
/* End PBXResourcesBuildPhase section */

/* Begin PBXSourcesBuildPhase section */
		286A98A21D9A1F6100F5E287 /* Sources */ = {
			isa = PBXSourcesBuildPhase;
			buildActionMask = 2147483647;
			files = (
				286A98B11D9A1F6100F5E287 /* ViewController.m in Sources */,
				286A98AE1D9A1F6100F5E287 /* AppDelegate.m in Sources */,
				286A98AB1D9A1F6100F5E287 /* main.m in Sources */,
			);
			runOnlyForDeploymentPostprocessing = 0;
		};
/* End PBXSourcesBuildPhase section */

/* Begin PBXVariantGroup section */
		286A98B21D9A1F6100F5E287 /* Main.storyboard */ = {
			isa = PBXVariantGroup;
			children = (
				286A98B31D9A1F6100F5E287 /* Base */,
			);
			name = Main.storyboard;
			sourceTree = "<group>";
		};
		286A98B71D9A1F6100F5E287 /* LaunchScreen.storyboard */ = {
			isa = PBXVariantGroup;
			children = (
				286A98B81D9A1F6100F5E287 /* Base */,
			);
			name = LaunchScreen.storyboard;
			sourceTree = "<group>";
		};
/* End PBXVariantGroup section */

/* Begin XCBuildConfiguration section */
		286A98BB1D9A1F6100F5E287 /* Debug */ = {
			isa = XCBuildConfiguration;
			buildSettings = {
				ALWAYS_SEARCH_USER_PATHS = NO;
				CLANG_ANALYZER_NONNULL = YES;
				CLANG_CXX_LANGUAGE_STANDARD = "gnu++0x";
				CLANG_CXX_LIBRARY = "libc++";
				CLANG_ENABLE_MODULES = YES;
				CLANG_ENABLE_OBJC_ARC = YES;
				CLANG_WARN_BOOL_CONVERSION = YES;
				CLANG_WARN_CONSTANT_CONVERSION = YES;
				CLANG_WARN_DIRECT_OBJC_ISA_USAGE = YES_ERROR;
				CLANG_WARN_DOCUMENTATION_COMMENTS = YES;
				CLANG_WARN_EMPTY_BODY = YES;
				CLANG_WARN_ENUM_CONVERSION = YES;
				CLANG_WARN_INFINITE_RECURSION = YES;
				CLANG_WARN_INT_CONVERSION = YES;
				CLANG_WARN_OBJC_ROOT_CLASS = YES_ERROR;
				CLANG_WARN_SUSPICIOUS_MOVES = YES;
				CLANG_WARN_UNREACHABLE_CODE = YES;
				CLANG_WARN__DUPLICATE_METHOD_MATCH = YES;
				"CODE_SIGN_IDENTITY[sdk=iphoneos*]" = "iPhone Developer";
				COPY_PHASE_STRIP = NO;
				DEBUG_INFORMATION_FORMAT = dwarf;
				ENABLE_STRICT_OBJC_MSGSEND = YES;
				ENABLE_TESTABILITY = YES;
				GCC_C_LANGUAGE_STANDARD = gnu99;
				GCC_DYNAMIC_NO_PIC = NO;
				GCC_NO_COMMON_BLOCKS = YES;
				GCC_OPTIMIZATION_LEVEL = 0;
				GCC_PREPROCESSOR_DEFINITIONS = (
					"DEBUG=1",
					"$(inherited)",
				);
				GCC_WARN_64_TO_32_BIT_CONVERSION = YES;
				GCC_WARN_ABOUT_RETURN_TYPE = YES_ERROR;
				GCC_WARN_UNDECLARED_SELECTOR = YES;
				GCC_WARN_UNINITIALIZED_AUTOS = YES_AGGRESSIVE;
				GCC_WARN_UNUSED_FUNCTION = YES;
				GCC_WARN_UNUSED_VARIABLE = YES;
				IPHONEOS_DEPLOYMENT_TARGET = 10.0;
				MTL_ENABLE_DEBUG_INFO = YES;
				ONLY_ACTIVE_ARCH = YES;
				SDKROOT = iphoneos;
				TARGETED_DEVICE_FAMILY = "1,2";
			};
			name = Debug;
		};
		286A98BC1D9A1F6100F5E287 /* Release */ = {
			isa = XCBuildConfiguration;
			buildSettings = {
				ALWAYS_SEARCH_USER_PATHS = NO;
				CLANG_ANALYZER_NONNULL = YES;
				CLANG_CXX_LANGUAGE_STANDARD = "gnu++0x";
				CLANG_CXX_LIBRARY = "libc++";
				CLANG_ENABLE_MODULES = YES;
				CLANG_ENABLE_OBJC_ARC = YES;
				CLANG_WARN_BOOL_CONVERSION = YES;
				CLANG_WARN_CONSTANT_CONVERSION = YES;
				CLANG_WARN_DIRECT_OBJC_ISA_USAGE = YES_ERROR;
				CLANG_WARN_DOCUMENTATION_COMMENTS = YES;
				CLANG_WARN_EMPTY_BODY = YES;
				CLANG_WARN_ENUM_CONVERSION = YES;
				CLANG_WARN_INFINITE_RECURSION = YES;
				CLANG_WARN_INT_CONVERSION = YES;
				CLANG_WARN_OBJC_ROOT_CLASS = YES_ERROR;
				CLANG_WARN_SUSPICIOUS_MOVES = YES;
				CLANG_WARN_UNREACHABLE_CODE = YES;
				CLANG_WARN__DUPLICATE_METHOD_MATCH = YES;
				"CODE_SIGN_IDENTITY[sdk=iphoneos*]" = "iPhone Developer";
				COPY_PHASE_STRIP = NO;
				DEBUG_INFORMATION_FORMAT = "dwarf-with-dsym";
				ENABLE_NS_ASSERTIONS = NO;
				ENABLE_STRICT_OBJC_MSGSEND = YES;
				GCC_C_LANGUAGE_STANDARD = gnu99;
				GCC_NO_COMMON_BLOCKS = YES;
				GCC_WARN_64_TO_32_BIT_CONVERSION = YES;
				GCC_WARN_ABOUT_RETURN_TYPE = YES_ERROR;
				GCC_WARN_UNDECLARED_SELECTOR = YES;
				GCC_WARN_UNINITIALIZED_AUTOS = YES_AGGRESSIVE;
				GCC_WARN_UNUSED_FUNCTION = YES;
				GCC_WARN_UNUSED_VARIABLE = YES;
				IPHONEOS_DEPLOYMENT_TARGET = 10.0;
				MTL_ENABLE_DEBUG_INFO = NO;
				SDKROOT = iphoneos;
				TARGETED_DEVICE_FAMILY = "1,2";
				VALIDATE_PRODUCT = YES;
			};
			name = Release;
		};
		286A98BE1D9A1F6100F5E287 /* Debug */ = {
			isa = XCBuildConfiguration;
			buildSettings = {
				ASSETCATALOG_COMPILER_APPICON_NAME = AppIcon;
				DEVELOPMENT_TEAM = 7BHCDJ55EZ;
				INFOPLIST_FILE = "Assignment 277-1/Info.plist";
				LD_RUNPATH_SEARCH_PATHS = "$(inherited) @executable_path/Frameworks";
				PRODUCT_BUNDLE_IDENTIFIER = "athitha.Assignment-277-1";
				PRODUCT_NAME = "$(TARGET_NAME)";
			};
			name = Debug;
		};
		286A98BF1D9A1F6100F5E287 /* Release */ = {
			isa = XCBuildConfiguration;
			buildSettings = {
				ASSETCATALOG_COMPILER_APPICON_NAME = AppIcon;
				DEVELOPMENT_TEAM = 7BHCDJ55EZ;
				INFOPLIST_FILE = "Assignment 277-1/Info.plist";
				LD_RUNPATH_SEARCH_PATHS = "$(inherited) @executable_path/Frameworks";
				PRODUCT_BUNDLE_IDENTIFIER = "athitha.Assignment-277-1";
				PRODUCT_NAME = "$(TARGET_NAME)";
			};
			name = Release;
		};
/* End XCBuildConfiguration section */

/* Begin XCConfigurationList section */
		286A98A11D9A1F6100F5E287 /* Build configuration list for PBXProject "Assignment 277-1" */ = {
			isa = XCConfigurationList;
			buildConfigurations = (
				286A98BB1D9A1F6100F5E287 /* Debug */,
				286A98BC1D9A1F6100F5E287 /* Release */,
			);
			defaultConfigurationIsVisible = 0;
			defaultConfigurationName = Release;
		};
		286A98BD1D9A1F6100F5E287 /* Build configuration list for PBXNativeTarget "Assignment 277-1" */ = {
			isa = XCConfigurationList;
			buildConfigurations = (
				286A98BE1D9A1F6100F5E287 /* Debug */,
				286A98BF1D9A1F6100F5E287 /* Release */,
			);
			defaultConfigurationIsVisible = 0;
			defaultConfigurationName = Release;
		};
/* End XCConfigurationList section */
	};
	rootObject = 286A989E1D9A1F6100F5E287 /* Project object */;
}
